
Microsoft Visual Studio Solution File, Format Version 12.00
# Visual Studio 2012
Project("{FAE04EC0-301F-11D3-BF4B-00C04F79EFBC}") = "DotNetNuke.R7", "DotNetNuke.R7\DotNetNuke.R7.csproj", "{F5EF3563-5DD0-4412-B6FE-1C992C1E4EE6}"
EndProject
Project("{2150E333-8FDC-42A3-9474-1A3956D46DE8}") = "Solution Items", "Solution Items", "{D3A206BB-A4DC-431C-B935-17965F95328A}"
	ProjectSection(SolutionItems) = preProject
		LICENSE.md = LICENSE.md
		README.md = README.md
	EndProjectSection
EndProject
Project("{FAE04EC0-301F-11D3-BF4B-00C04F79EFBC}") = "DotNetNuke.R7.Tests", "DotNetNuke.R7.Tests\DotNetNuke.R7.Tests.csproj", "{DF59252F-CDEB-4BF3-8760-49F7835577B8}"
EndProject
Global
	GlobalSection(SolutionConfigurationPlatforms) = preSolution
		Debug|Any CPU = Debug|Any CPU
		Release|Any CPU = Release|Any CPU
	EndGlobalSection
	GlobalSection(ProjectConfigurationPlatforms) = postSolution
		{DF59252F-CDEB-4BF3-8760-49F7835577B8}.Debug|Any CPU.ActiveCfg = Debug|Any CPU
		{DF59252F-CDEB-4BF3-8760-49F7835577B8}.Debug|Any CPU.Build.0 = Debug|Any CPU
		{DF59252F-CDEB-4BF3-8760-49F7835577B8}.Release|Any CPU.ActiveCfg = Release|Any CPU
		{DF59252F-CDEB-4BF3-8760-49F7835577B8}.Release|Any CPU.Build.0 = Release|Any CPU
		{F5EF3563-5DD0-4412-B6FE-1C992C1E4EE6}.Debug|Any CPU.ActiveCfg = Debug|Any CPU
		{F5EF3563-5DD0-4412-B6FE-1C992C1E4EE6}.Debug|Any CPU.Build.0 = Debug|Any CPU
		{F5EF3563-5DD0-4412-B6FE-1C992C1E4EE6}.Release|Any CPU.ActiveCfg = Release|Any CPU
		{F5EF3563-5DD0-4412-B6FE-1C992C1E4EE6}.Release|Any CPU.Build.0 = Release|Any CPU
	EndGlobalSection
	GlobalSection(NestedProjects) = preSolution
	EndGlobalSection
	GlobalSection(MonoDevelopProperties) = preSolution
		Policies = $0
		$0.TextStylePolicy = $1
		$1.NoTabsAfterNonTabs = True
		$1.inheritsSet = VisualStudio
		$1.inheritsScope = text/plain
		$1.scope = text/x-csharp
		$0.CSharpFormattingPolicy = $2
		$2.IndentSwitchBody = True
		$2.IndentBlocksInsideExpressions = True
		$2.AnonymousMethodBraceStyle = NextLine
		$2.PropertyBraceStyle = NextLine
		$2.PropertyGetBraceStyle = NextLine
		$2.PropertySetBraceStyle = NextLine
		$2.EventBraceStyle = NextLine
		$2.EventAddBraceStyle = NextLine
		$2.EventRemoveBraceStyle = NextLine
		$2.StatementBraceStyle = NextLine
		$2.ElseNewLinePlacement = NewLine
		$2.CatchNewLinePlacement = NewLine
		$2.FinallyNewLinePlacement = NewLine
		$2.WhileNewLinePlacement = DoNotCare
		$2.ArrayInitializerWrapping = DoNotChange
		$2.ArrayInitializerBraceStyle = NextLine
		$2.NewLineBeforeConstructorInitializerColon = NewLine
		$2.NewLineAfterConstructorInitializerColon = SameLine
		$2.AfterDelegateDeclarationParameterComma = True
		$2.BeforeSizeOfParentheses = True
		$2.BeforeTypeOfParentheses = True
		$2.SpacesAfterTypecast = True
		$2.SpacesBeforeArrayDeclarationBrackets = True
		$2.inheritsSet = Mono
		$2.inheritsScope = text/x-csharp
		$2.scope = text/x-csharp
		version = 0.1.0
	EndGlobalSection
EndGlobal
